schema: '2.0'
stages:
  train:
    cmd: python scripts/train.py
    deps:
    - path: data/heart_disease.csv
      hash: md5
      md5: 3eafe0d0dbcd5e593f0b2f8ebd447bfd
      size: 36906
    - path: params.yaml
      hash: md5
      md5: b8e8d17ad404e9aedde4c598f3fea85f
      size: 312
    - path: scripts/train.py
      hash: md5
      md5: 403e6afca209961c4803ff90e93ee358
      size: 5864
    outs:
    - path: artifacts/feature_importance.png
      hash: md5
      md5: 0f076ebce5b9f81af1012ae862a75fad
      size: 27660
    - path: artifacts/metrics.json
      hash: md5
      md5: 586cc15e06b725fb7e624a4a823ea5fe
      size: 101
    - path: artifacts/scaler.pkl
      hash: md5
      md5: 55191ae6a97722f49e14a2fc3c374e4a
      size: 1375
    - path: artifacts/selector.pkl
      hash: md5
      md5: 2d19202d875e770b691baab5a8888c34
      size: 687
    - path: models/xgboost_model.pkl
      hash: md5
      md5: 009860ff3a23ce5a20c58dabdfa3c10b
      size: 114496
